Microsoft Visual Studio Solution File, Format Version 12.00
# Visual Studio 15
VisualStudioVersion = 15.0.27130.2036
MinimumVisualStudioVersion = 10.0.40219.1
Project("{FAE04EC0-301F-11D3-BF4B-00C04F79EFBC}") = "MegaDesk2HarryVashisht", "MegaDesk2HarryVashisht.csproj", "{6D36A134-5C52-4A2B-95AE-C262BF555641}"
EndProject
Global
	GlobalSection(SolutionConfigurationPlatforms) = preSolution
		Debug|Any CPU = Debug|Any CPU
		Release|Any CPU = Release|Any CPU
	EndGlobalSection
	GlobalSection(ProjectConfigurationPlatforms) = postSolution
		{6D36A134-5C52-4A2B-95AE-C262BF555641}.Debug|Any CPU.ActiveCfg = Debug|Any CPU
		{6D36A134-5C52-4A2B-95AE-C262BF555641}.Debug|Any CPU.Build.0 = Debug|Any CPU
		{6D36A134-5C52-4A2B-95AE-C262BF555641}.Release|Any CPU.ActiveCfg = Release|Any CPU
		{6D36A134-5C52-4A2B-95AE-C262BF555641}.Release|Any CPU.Build.0 = Release|Any CPU
	EndGlobalSection
	GlobalSection(SolutionProperties) = preSolution
		HideSolutionNode = FALSE
	EndGlobalSection
	GlobalSection(ExtensibilityGlobals) = postSolution
		SolutionGuid = {1F9BC500-0429-47F4-B443-BD0D33DC2221}
	EndGlobalSection
EndGlobal
